
Microsoft Visual Studio Solution File, Format Version 12.00
# Visual Studio Version 17
VisualStudioVersion = 17.14.36221.1 d17.14
MinimumVisualStudioVersion = 10.0.40219.1
Project("{FAE04EC0-301F-11D3-BF4B-00C04F79EFBC}") = "Maddmaxx.Service", "Maddmaxx.Service\Maddmaxx.Service.csproj", "{0D78EF56-B081-4CD7-BE4C-87429E8EAF84}"
EndProject
Project("{FAE04EC0-301F-11D3-BF4B-00C04F79EFBC}") = "Maddmaxx.Shared", "Maddmaxx.Shared\Maddmaxx.Shared.csproj", "{DB847C1C-9726-4659-A64F-0A11EDFAE284}"
EndProject
Project("{FAE04EC0-301F-11D3-BF4B-00C04F79EFBC}") = "Maddmaxx.Domain", "Maddmaxx.Domain\Maddmaxx.Domain.csproj", "{7DCE8B74-C298-4111-B58E-BD1EAAB159ED}"
EndProject
Project("{FAE04EC0-301F-11D3-BF4B-00C04F79EFBC}") = "Maddmaxx.Application", "Maddmaxx.Application\Maddmaxx.Application.csproj", "{F14DC107-8FD6-4964-B33A-F2661B076E74}"
EndProject
Project("{FAE04EC0-301F-11D3-BF4B-00C04F79EFBC}") = "Maddmaxx.Infrastructure", "Maddmaxx.Infrastructure\Maddmaxx.Infrastructure.csproj", "{878D4411-FED6-4E80-ADA6-2E0A92D08E78}"
EndProject
Project("{FAE04EC0-301F-11D3-BF4B-00C04F79EFBC}") = "Maddmaxx.Tests", "Maddmaxx.Tests\Maddmaxx.Tests.csproj", "{7E1E67A0-796D-4FCD-9547-7C8259CDF0D6}"
EndProject
Global
	GlobalSection(SolutionConfigurationPlatforms) = preSolution
		Debug|Any CPU = Debug|Any CPU
		Release|Any CPU = Release|Any CPU
	EndGlobalSection
	GlobalSection(ProjectConfigurationPlatforms) = postSolution
		{0D78EF56-B081-4CD7-BE4C-87429E8EAF84}.Debug|Any CPU.ActiveCfg = Debug|Any CPU
		{0D78EF56-B081-4CD7-BE4C-87429E8EAF84}.Debug|Any CPU.Build.0 = Debug|Any CPU
		{0D78EF56-B081-4CD7-BE4C-87429E8EAF84}.Release|Any CPU.ActiveCfg = Release|Any CPU
		{0D78EF56-B081-4CD7-BE4C-87429E8EAF84}.Release|Any CPU.Build.0 = Release|Any CPU
		{DB847C1C-9726-4659-A64F-0A11EDFAE284}.Debug|Any CPU.ActiveCfg = Debug|Any CPU
		{DB847C1C-9726-4659-A64F-0A11EDFAE284}.Debug|Any CPU.Build.0 = Debug|Any CPU
		{DB847C1C-9726-4659-A64F-0A11EDFAE284}.Release|Any CPU.ActiveCfg = Release|Any CPU
		{DB847C1C-9726-4659-A64F-0A11EDFAE284}.Release|Any CPU.Build.0 = Release|Any CPU
		{7DCE8B74-C298-4111-B58E-BD1EAAB159ED}.Debug|Any CPU.ActiveCfg = Debug|Any CPU
		{7DCE8B74-C298-4111-B58E-BD1EAAB159ED}.Debug|Any CPU.Build.0 = Debug|Any CPU
		{7DCE8B74-C298-4111-B58E-BD1EAAB159ED}.Release|Any CPU.ActiveCfg = Release|Any CPU
		{7DCE8B74-C298-4111-B58E-BD1EAAB159ED}.Release|Any CPU.Build.0 = Release|Any CPU
		{F14DC107-8FD6-4964-B33A-F2661B076E74}.Debug|Any CPU.ActiveCfg = Debug|Any CPU
		{F14DC107-8FD6-4964-B33A-F2661B076E74}.Debug|Any CPU.Build.0 = Debug|Any CPU
		{F14DC107-8FD6-4964-B33A-F2661B076E74}.Release|Any CPU.ActiveCfg = Release|Any CPU
		{F14DC107-8FD6-4964-B33A-F2661B076E74}.Release|Any CPU.Build.0 = Release|Any CPU
		{878D4411-FED6-4E80-ADA6-2E0A92D08E78}.Debug|Any CPU.ActiveCfg = Debug|Any CPU
		{878D4411-FED6-4E80-ADA6-2E0A92D08E78}.Debug|Any CPU.Build.0 = Debug|Any CPU
		{878D4411-FED6-4E80-ADA6-2E0A92D08E78}.Release|Any CPU.ActiveCfg = Release|Any CPU
		{878D4411-FED6-4E80-ADA6-2E0A92D08E78}.Release|Any CPU.Build.0 = Release|Any CPU
		{7E1E67A0-796D-4FCD-9547-7C8259CDF0D6}.Debug|Any CPU.ActiveCfg = Debug|Any CPU
		{7E1E67A0-796D-4FCD-9547-7C8259CDF0D6}.Debug|Any CPU.Build.0 = Debug|Any CPU
		{7E1E67A0-796D-4FCD-9547-7C8259CDF0D6}.Release|Any CPU.ActiveCfg = Release|Any CPU
		{7E1E67A0-796D-4FCD-9547-7C8259CDF0D6}.Release|Any CPU.Build.0 = Release|Any CPU
	EndGlobalSection
	GlobalSection(SolutionProperties) = preSolution
		HideSolutionNode = FALSE
	EndGlobalSection
	GlobalSection(ExtensibilityGlobals) = postSolution
		SolutionGuid = {5E67F06C-E950-4617-89EE-F99E39D9F8C2}
	EndGlobalSection
EndGlobal
